
Microsoft Visual Studio Solution File, Format Version 12.00
# Visual Studio 14
VisualStudioVersion = 14.0.25420.1
MinimumVisualStudioVersion = 10.0.40219.1
Project("{FAE04EC0-301F-11D3-BF4B-00C04F79EFBC}") = "Assembly-CSharp", "Assembly-CSharp.csproj", "{1B316004-3A95-1026-D566-006D5C69946F}"
EndProject
Project("{FAE04EC0-301F-11D3-BF4B-00C04F79EFBC}") = "Assembly-CSharp-Editor", "Assembly-CSharp-Editor.csproj", "{5FD3DFA9-8BBB-205C-2A0D-ED77F7FD33CC}"
EndProject
Global
	GlobalSection(SolutionConfigurationPlatforms) = preSolution
		Debug|Any CPU = Debug|Any CPU
		Release|Any CPU = Release|Any CPU
	EndGlobalSection
	GlobalSection(ProjectConfigurationPlatforms) = postSolution
		{1B316004-3A95-1026-D566-006D5C69946F}.Debug|Any CPU.ActiveCfg = Debug|Any CPU
		{1B316004-3A95-1026-D566-006D5C69946F}.Debug|Any CPU.Build.0 = Debug|Any CPU
		{1B316004-3A95-1026-D566-006D5C69946F}.Release|Any CPU.ActiveCfg = Release|Any CPU
		{1B316004-3A95-1026-D566-006D5C69946F}.Release|Any CPU.Build.0 = Release|Any CPU
		{5FD3DFA9-8BBB-205C-2A0D-ED77F7FD33CC}.Debug|Any CPU.ActiveCfg = Debug|Any CPU
		{5FD3DFA9-8BBB-205C-2A0D-ED77F7FD33CC}.Debug|Any CPU.Build.0 = Debug|Any CPU
		{5FD3DFA9-8BBB-205C-2A0D-ED77F7FD33CC}.Release|Any CPU.ActiveCfg = Release|Any CPU
		{5FD3DFA9-8BBB-205C-2A0D-ED77F7FD33CC}.Release|Any CPU.Build.0 = Release|Any CPU
	EndGlobalSection
	GlobalSection(SolutionProperties) = preSolution
		HideSolutionNode = FALSE
	EndGlobalSection
	GlobalSection(MonoDevelopProperties) = preSolution
		StartupItem = Assembly-CSharp.csproj
	EndGlobalSection
EndGlobal
